// !$*UTF8*$!
{
	archiveVersion = 1;
	classes = {
	};
	objectVersion = 56;
	objects = {

/* Begin PBXBuildFile section */
		0000E0952F2C8DCE796F38EA /* Pods_TMDB_LIST.framework in Frameworks */ = {isa = PBXBuildFile; fileRef = B7CDAB258460744CCBCCCC8D /* Pods_TMDB_LIST.framework */; };
		1568FBB36EF7118792E94D3B /* Pods_TMDB_LIST_TMDB_LISTUITests.framework in Frameworks */ = {isa = PBXBuildFile; fileRef = 21D131D8FEE2A22413819AF5 /* Pods_TMDB_LIST_TMDB_LISTUITests.framework */; };
		18D5E6DD999F6B9DAC9B9EDE /* Pods_TMDB_LISTTests.framework in Frameworks */ = {isa = PBXBuildFile; fileRef = D7EEDA2CEC8DE00106AFA107 /* Pods_TMDB_LISTTests.framework */; };
		87697E8D28A655CA00551B91 /* AppDelegate.swift in Sources */ = {isa = PBXBuildFile; fileRef = 87697E8C28A655CA00551B91 /* AppDelegate.swift */; };
		87697E8F28A655CA00551B91 /* SceneDelegate.swift in Sources */ = {isa = PBXBuildFile; fileRef = 87697E8E28A655CA00551B91 /* SceneDelegate.swift */; };
		87697E9628A655CB00551B91 /* Assets.xcassets in Resources */ = {isa = PBXBuildFile; fileRef = 87697E9528A655CB00551B91 /* Assets.xcassets */; };
		87697E9928A655CB00551B91 /* LaunchScreen.storyboard in Resources */ = {isa = PBXBuildFile; fileRef = 87697E9728A655CB00551B91 /* LaunchScreen.storyboard */; };
		87697EA428A655CB00551B91 /* TMDB_LISTTests.swift in Sources */ = {isa = PBXBuildFile; fileRef = 87697EA328A655CB00551B91 /* TMDB_LISTTests.swift */; };
		87697EAE28A655CB00551B91 /* TMDB_LISTUITests.swift in Sources */ = {isa = PBXBuildFile; fileRef = 87697EAD28A655CB00551B91 /* TMDB_LISTUITests.swift */; };
		87697EB028A655CB00551B91 /* TMDB_LISTUITestsLaunchTests.swift in Sources */ = {isa = PBXBuildFile; fileRef = 87697EAF28A655CB00551B91 /* TMDB_LISTUITestsLaunchTests.swift */; };
		87697EBF28A65C1C00551B91 /* TMDBTabBarViewController.swift in Sources */ = {isa = PBXBuildFile; fileRef = 87697EBE28A65C1C00551B91 /* TMDBTabBarViewController.swift */; };
		87697EC128A65C8500551B91 /* VideoViewController.swift in Sources */ = {isa = PBXBuildFile; fileRef = 87697EC028A65C8500551B91 /* VideoViewController.swift */; };
		87697EC328A65CB500551B91 /* SearchViewController.swift in Sources */ = {isa = PBXBuildFile; fileRef = 87697EC228A65CB500551B91 /* SearchViewController.swift */; };
		87697EC528A65CE200551B91 /* CommingSonnViewController.swift in Sources */ = {isa = PBXBuildFile; fileRef = 87697EC428A65CE200551B91 /* CommingSonnViewController.swift */; };
		87697EC728A65D5E00551B91 /* DownloadViewController.swift in Sources */ = {isa = PBXBuildFile; fileRef = 87697EC628A65D5E00551B91 /* DownloadViewController.swift */; };
		87697ECA28A6624F00551B91 /* CollectionViewTableViewCellCollectionViewCell.swift in Sources */ = {isa = PBXBuildFile; fileRef = 87697EC928A6624F00551B91 /* CollectionViewTableViewCellCollectionViewCell.swift */; };
		87697ECC28A663D500551B91 /* TitleCollectionViewCell.swift in Sources */ = {isa = PBXBuildFile; fileRef = 87697ECB28A663D500551B91 /* TitleCollectionViewCell.swift */; };
		87697ECE28A6E07D00551B91 /* VideoHeaderView.swift in Sources */ = {isa = PBXBuildFile; fileRef = 87697ECD28A6E07D00551B91 /* VideoHeaderView.swift */; };
		87697ED128A6E64B00551B91 /* SimpleAPI.swift in Sources */ = {isa = PBXBuildFile; fileRef = 87697ED028A6E64B00551B91 /* SimpleAPI.swift */; };
		87697ED428A6EA8E00551B91 /* MovieModel.swift in Sources */ = {isa = PBXBuildFile; fileRef = 87697ED328A6EA8E00551B91 /* MovieModel.swift */; };
		87697ED628A6EEE100551B91 /* MovieViewModel.swift in Sources */ = {isa = PBXBuildFile; fileRef = 87697ED528A6EEE100551B91 /* MovieViewModel.swift */; };
		87697ED928AB3F7700551B91 /* SearchTableViewCell.swift in Sources */ = {isa = PBXBuildFile; fileRef = 87697ED828AB3F7700551B91 /* SearchTableViewCell.swift */; };
		87697EDB28AB52F300551B91 /* SearchedMovieViewController.swift in Sources */ = {isa = PBXBuildFile; fileRef = 87697EDA28AB52F300551B91 /* SearchedMovieViewController.swift */; };
		87697EDD28AB6B5600551B91 /* MovieTableViewCell.swift in Sources */ = {isa = PBXBuildFile; fileRef = 87697EDC28AB6B5600551B91 /* MovieTableViewCell.swift */; };
		87697EDF28AB810600551B91 /* YoutubeModel.swift in Sources */ = {isa = PBXBuildFile; fileRef = 87697EDE28AB810600551B91 /* YoutubeModel.swift */; };
		87697EE128AB817600551B91 /* YoutubeViewModel.swift in Sources */ = {isa = PBXBuildFile; fileRef = 87697EE028AB817600551B91 /* YoutubeViewModel.swift */; };
		87697EE328AB877B00551B91 /* VideoDetailViewController.swift in Sources */ = {isa = PBXBuildFile; fileRef = 87697EE228AB877B00551B91 /* VideoDetailViewController.swift */; };
		87697EEA28ABEACF00551B91 /* Notification.apns in Resources */ = {isa = PBXBuildFile; fileRef = 87697EE928ABEACF00551B91 /* Notification.apns */; };
		87697EF128AC8E0100551B91 /* UserNotifications.framework in Frameworks */ = {isa = PBXBuildFile; fileRef = 87697EF028AC8E0100551B91 /* UserNotifications.framework */; };
		87697EF328AC8E0100551B91 /* UserNotificationsUI.framework in Frameworks */ = {isa = PBXBuildFile; fileRef = 87697EF228AC8E0100551B91 /* UserNotificationsUI.framework */; };
		87697EF628AC8E0100551B91 /* NotificationViewController.swift in Sources */ = {isa = PBXBuildFile; fileRef = 87697EF528AC8E0100551B91 /* NotificationViewController.swift */; };
		87697EF928AC8E0100551B91 /* MainInterface.storyboard in Resources */ = {isa = PBXBuildFile; fileRef = 87697EF728AC8E0100551B91 /* MainInterface.storyboard */; };
		87697EFD28AC8E0100551B91 /* NotificationService.appex in Embed Foundation Extensions */ = {isa = PBXBuildFile; fileRef = 87697EEF28AC8E0100551B91 /* NotificationService.appex */; settings = {ATTRIBUTES = (RemoveHeadersOnCopy, ); }; };
		87697F0328AD0BB300551B91 /* Array+.swift in Sources */ = {isa = PBXBuildFile; fileRef = 87697F0228AD0BB300551B91 /* Array+.swift */; };
		876EDF4828D112E2004EE2F3 /* ViewModelBase.swift in Sources */ = {isa = PBXBuildFile; fileRef = 876EDF4728D112E2004EE2F3 /* ViewModelBase.swift */; };
		876EDF4A28D114D6004EE2F3 /* ViewModelBindableType.swift in Sources */ = {isa = PBXBuildFile; fileRef = 876EDF4928D114D6004EE2F3 /* ViewModelBindableType.swift */; };
		876EDF4E28D11524004EE2F3 /* LifeCycle+.swift in Sources */ = {isa = PBXBuildFile; fileRef = 876EDF4D28D11524004EE2F3 /* LifeCycle+.swift */; };
		876EDF5028D11554004EE2F3 /* Observable+.swift in Sources */ = {isa = PBXBuildFile; fileRef = 876EDF4F28D11554004EE2F3 /* Observable+.swift */; };
		876EDF5328D4F0AE004EE2F3 /* VideoDataSource.swift in Sources */ = {isa = PBXBuildFile; fileRef = 876EDF5228D4F0AE004EE2F3 /* VideoDataSource.swift */; };
		876EDF5528D4F8DE004EE2F3 /* CollectionTableViewCEllViewModel.swift in Sources */ = {isa = PBXBuildFile; fileRef = 876EDF5428D4F8DE004EE2F3 /* CollectionTableViewCEllViewModel.swift */; };
/* End PBXBuildFile section */

/* Begin PBXContainerItemProxy section */
		87697EA028A655CB00551B91 /* PBXContainerItemProxy */ = {
			isa = PBXContainerItemProxy;
			containerPortal = 87697E8128A655CA00551B91 /* Project object */;
			proxyType = 1;
			remoteGlobalIDString = 87697E8828A655CA00551B91;
			remoteInfo = TMDB_LIST;
		};
		87697EAA28A655CB00551B91 /* PBXContainerItemProxy */ = {
			isa = PBXContainerItemProxy;
			containerPortal = 87697E8128A655CA00551B91 /* Project object */;
			proxyType = 1;
			remoteGlobalIDString = 87697E8828A655CA00551B91;
			remoteInfo = TMDB_LIST;
		};
		87697EFB28AC8E0100551B91 /* PBXContainerItemProxy */ = {
			isa = PBXContainerItemProxy;
			containerPortal = 87697E8128A655CA00551B91 /* Project object */;
			proxyType = 1;
			remoteGlobalIDString = 87697EEE28AC8E0100551B91;
			remoteInfo = NotificationService;
		};
/* End PBXContainerItemProxy section */

/* Begin PBXCopyFilesBuildPhase section */
		87697F0128AC8E0100551B91 /* Embed Foundation Extensions */ = {
			isa = PBXCopyFilesBuildPhase;
			buildActionMask = 2147483647;
			dstPath = "";
			dstSubfolderSpec = 13;
			files = (
				87697EFD28AC8E0100551B91 /* NotificationService.appex in Embed Foundation Extensions */,
			);
			name = "Embed Foundation Extensions";
			runOnlyForDeploymentPostprocessing = 0;
		};
/* End PBXCopyFilesBuildPhase section */

/* Begin PBXFileReference section */
		0A57842EC50A8075E0F6513B /* Pods-TMDB_LIST-TMDB_LISTUITests.release.xcconfig */ = {isa = PBXFileReference; includeInIndex = 1; lastKnownFileType = text.xcconfig; name = "Pods-TMDB_LIST-TMDB_LISTUITests.release.xcconfig"; path = "Target Support Files/Pods-TMDB_LIST-TMDB_LISTUITests/Pods-TMDB_LIST-TMDB_LISTUITests.release.xcconfig"; sourceTree = "<group>"; };
		20477EFF327370372731848F /* Pods-TMDB_LIST-TMDB_LISTUITests.debug.xcconfig */ = {isa = PBXFileReference; includeInIndex = 1; lastKnownFileType = text.xcconfig; name = "Pods-TMDB_LIST-TMDB_LISTUITests.debug.xcconfig"; path = "Target Support Files/Pods-TMDB_LIST-TMDB_LISTUITests/Pods-TMDB_LIST-TMDB_LISTUITests.debug.xcconfig"; sourceTree = "<group>"; };
		21D131D8FEE2A22413819AF5 /* Pods_TMDB_LIST_TMDB_LISTUITests.framework */ = {isa = PBXFileReference; explicitFileType = wrapper.framework; includeInIndex = 0; path = Pods_TMDB_LIST_TMDB_LISTUITests.framework; sourceTree = BUILT_PRODUCTS_DIR; };
		87697E8928A655CA00551B91 /* TMDB_LIST.app */ = {isa = PBXFileReference; explicitFileType = wrapper.application; includeInIndex = 0; path = TMDB_LIST.app; sourceTree = BUILT_PRODUCTS_DIR; };
		87697E8C28A655CA00551B91 /* AppDelegate.swift */ = {isa = PBXFileReference; lastKnownFileType = sourcecode.swift; path = AppDelegate.swift; sourceTree = "<group>"; };
		87697E8E28A655CA00551B91 /* SceneDelegate.swift */ = {isa = PBXFileReference; lastKnownFileType = sourcecode.swift; path = SceneDelegate.swift; sourceTree = "<group>"; };
		87697E9528A655CB00551B91 /* Assets.xcassets */ = {isa = PBXFileReference; lastKnownFileType = folder.assetcatalog; path = Assets.xcassets; sourceTree = "<group>"; };
		87697E9828A655CB00551B91 /* Base */ = {isa = PBXFileReference; lastKnownFileType = file.storyboard; name = Base; path = Base.lproj/LaunchScreen.storyboard; sourceTree = "<group>"; };
		87697E9A28A655CB00551B91 /* Info.plist */ = {isa = PBXFileReference; lastKnownFileType = text.plist.xml; path = Info.plist; sourceTree = "<group>"; };
		87697E9F28A655CB00551B91 /* TMDB_LISTTests.xctest */ = {isa = PBXFileReference; explicitFileType = wrapper.cfbundle; includeInIndex = 0; path = TMDB_LISTTests.xctest; sourceTree = BUILT_PRODUCTS_DIR; };
		87697EA328A655CB00551B91 /* TMDB_LISTTests.swift */ = {isa = PBXFileReference; lastKnownFileType = sourcecode.swift; path = TMDB_LISTTests.swift; sourceTree = "<group>"; };
		87697EA928A655CB00551B91 /* TMDB_LISTUITests.xctest */ = {isa = PBXFileReference; explicitFileType = wrapper.cfbundle; includeInIndex = 0; path = TMDB_LISTUITests.xctest; sourceTree = BUILT_PRODUCTS_DIR; };
		87697EAD28A655CB00551B91 /* TMDB_LISTUITests.swift */ = {isa = PBXFileReference; lastKnownFileType = sourcecode.swift; path = TMDB_LISTUITests.swift; sourceTree = "<group>"; };
		87697EAF28A655CB00551B91 /* TMDB_LISTUITestsLaunchTests.swift */ = {isa = PBXFileReference; lastKnownFileType = sourcecode.swift; path = TMDB_LISTUITestsLaunchTests.swift; sourceTree = "<group>"; };
		87697EBE28A65C1C00551B91 /* TMDBTabBarViewController.swift */ = {isa = PBXFileReference; lastKnownFileType = sourcecode.swift; path = TMDBTabBarViewController.swift; sourceTree = "<group>"; };
		87697EC028A65C8500551B91 /* VideoViewController.swift */ = {isa = PBXFileReference; lastKnownFileType = sourcecode.swift; path = VideoViewController.swift; sourceTree = "<group>"; };
		87697EC228A65CB500551B91 /* SearchViewController.swift */ = {isa = PBXFileReference; lastKnownFileType = sourcecode.swift; path = SearchViewController.swift; sourceTree = "<group>"; };
		87697EC428A65CE200551B91 /* CommingSonnViewController.swift */ = {isa = PBXFileReference; lastKnownFileType = sourcecode.swift; path = CommingSonnViewController.swift; sourceTree = "<group>"; };
		87697EC628A65D5E00551B91 /* DownloadViewController.swift */ = {isa = PBXFileReference; lastKnownFileType = sourcecode.swift; path = DownloadViewController.swift; sourceTree = "<group>"; };
		87697EC928A6624F00551B91 /* CollectionViewTableViewCellCollectionViewCell.swift */ = {isa = PBXFileReference; lastKnownFileType = sourcecode.swift; path = CollectionViewTableViewCellCollectionViewCell.swift; sourceTree = "<group>"; };
		87697ECB28A663D500551B91 /* TitleCollectionViewCell.swift */ = {isa = PBXFileReference; lastKnownFileType = sourcecode.swift; path = TitleCollectionViewCell.swift; sourceTree = "<group>"; };
		87697ECD28A6E07D00551B91 /* VideoHeaderView.swift */ = {isa = PBXFileReference; lastKnownFileType = sourcecode.swift; path = VideoHeaderView.swift; sourceTree = "<group>"; };
		87697ED028A6E64B00551B91 /* SimpleAPI.swift */ = {isa = PBXFileReference; lastKnownFileType = sourcecode.swift; path = SimpleAPI.swift; sourceTree = "<group>"; };
		87697ED328A6EA8E00551B91 /* MovieModel.swift */ = {isa = PBXFileReference; lastKnownFileType = sourcecode.swift; path = MovieModel.swift; sourceTree = "<group>"; };
		87697ED528A6EEE100551B91 /* MovieViewModel.swift */ = {isa = PBXFileReference; lastKnownFileType = sourcecode.swift; path = MovieViewModel.swift; sourceTree = "<group>"; };
		87697ED828AB3F7700551B91 /* SearchTableViewCell.swift */ = {isa = PBXFileReference; lastKnownFileType = sourcecode.swift; path = SearchTableViewCell.swift; sourceTree = "<group>"; };
		87697EDA28AB52F300551B91 /* SearchedMovieViewController.swift */ = {isa = PBXFileReference; lastKnownFileType = sourcecode.swift; path = SearchedMovieViewController.swift; sourceTree = "<group>"; };
		87697EDC28AB6B5600551B91 /* MovieTableViewCell.swift */ = {isa = PBXFileReference; lastKnownFileType = sourcecode.swift; path = MovieTableViewCell.swift; sourceTree = "<group>"; };
		87697EDE28AB810600551B91 /* YoutubeModel.swift */ = {isa = PBXFileReference; lastKnownFileType = sourcecode.swift; path = YoutubeModel.swift; sourceTree = "<group>"; };
		87697EE028AB817600551B91 /* YoutubeViewModel.swift */ = {isa = PBXFileReference; lastKnownFileType = sourcecode.swift; path = YoutubeViewModel.swift; sourceTree = "<group>"; };
		87697EE228AB877B00551B91 /* VideoDetailViewController.swift */ = {isa = PBXFileReference; lastKnownFileType = sourcecode.swift; path = VideoDetailViewController.swift; sourceTree = "<group>"; };
		87697EE828ABE2FA00551B91 /* TMDB_LIST.entitlements */ = {isa = PBXFileReference; lastKnownFileType = text.plist.entitlements; path = TMDB_LIST.entitlements; sourceTree = "<group>"; };
		87697EE928ABEACF00551B91 /* Notification.apns */ = {isa = PBXFileReference; lastKnownFileType = text; path = Notification.apns; sourceTree = "<group>"; };
		87697EEF28AC8E0100551B91 /* NotificationService.appex */ = {isa = PBXFileReference; explicitFileType = "wrapper.app-extension"; includeInIndex = 0; path = NotificationService.appex; sourceTree = BUILT_PRODUCTS_DIR; };
		87697EF028AC8E0100551B91 /* UserNotifications.framework */ = {isa = PBXFileReference; lastKnownFileType = wrapper.framework; name = UserNotifications.framework; path = System/Library/Frameworks/UserNotifications.framework; sourceTree = SDKROOT; };
		87697EF228AC8E0100551B91 /* UserNotificationsUI.framework */ = {isa = PBXFileReference; lastKnownFileType = wrapper.framework; name = UserNotificationsUI.framework; path = System/Library/Frameworks/UserNotificationsUI.framework; sourceTree = SDKROOT; };
		87697EF528AC8E0100551B91 /* NotificationViewController.swift */ = {isa = PBXFileReference; lastKnownFileType = sourcecode.swift; path = NotificationViewController.swift; sourceTree = "<group>"; };
		87697EF828AC8E0100551B91 /* Base */ = {isa = PBXFileReference; lastKnownFileType = file.storyboard; name = Base; path = Base.lproj/MainInterface.storyboard; sourceTree = "<group>"; };
		87697EFA28AC8E0100551B91 /* Info.plist */ = {isa = PBXFileReference; lastKnownFileType = text.plist.xml; path = Info.plist; sourceTree = "<group>"; };
		87697F0228AD0BB300551B91 /* Array+.swift */ = {isa = PBXFileReference; lastKnownFileType = sourcecode.swift; path = "Array+.swift"; sourceTree = "<group>"; };
		876EDF4728D112E2004EE2F3 /* ViewModelBase.swift */ = {isa = PBXFileReference; lastKnownFileType = sourcecode.swift; path = ViewModelBase.swift; sourceTree = "<group>"; };
		876EDF4928D114D6004EE2F3 /* ViewModelBindableType.swift */ = {isa = PBXFileReference; lastKnownFileType = sourcecode.swift; path = ViewModelBindableType.swift; sourceTree = "<group>"; };
		876EDF4D28D11524004EE2F3 /* LifeCycle+.swift */ = {isa = PBXFileReference; lastKnownFileType = sourcecode.swift; path = "LifeCycle+.swift"; sourceTree = "<group>"; };
		876EDF4F28D11554004EE2F3 /* Observable+.swift */ = {isa = PBXFileReference; lastKnownFileType = sourcecode.swift; path = "Observable+.swift"; sourceTree = "<group>"; };
		876EDF5228D4F0AE004EE2F3 /* VideoDataSource.swift */ = {isa = PBXFileReference; lastKnownFileType = sourcecode.swift; path = VideoDataSource.swift; sourceTree = "<group>"; };
		876EDF5428D4F8DE004EE2F3 /* CollectionTableViewCEllViewModel.swift */ = {isa = PBXFileReference; lastKnownFileType = sourcecode.swift; path = CollectionTableViewCEllViewModel.swift; sourceTree = "<group>"; };
		8FAF035B50E710197C27B134 /* Pods-TMDB_LISTTests.debug.xcconfig */ = {isa = PBXFileReference; includeInIndex = 1; lastKnownFileType = text.xcconfig; name = "Pods-TMDB_LISTTests.debug.xcconfig"; path = "Target Support Files/Pods-TMDB_LISTTests/Pods-TMDB_LISTTests.debug.xcconfig"; sourceTree = "<group>"; };
		A615A221747D843ABE8E6F1E /* Pods-TMDB_LIST.release.xcconfig */ = {isa = PBXFileReference; includeInIndex = 1; lastKnownFileType = text.xcconfig; name = "Pods-TMDB_LIST.release.xcconfig"; path = "Target Support Files/Pods-TMDB_LIST/Pods-TMDB_LIST.release.xcconfig"; sourceTree = "<group>"; };
		B7CDAB258460744CCBCCCC8D /* Pods_TMDB_LIST.framework */ = {isa = PBXFileReference; explicitFileType = wrapper.framework; includeInIndex = 0; path = Pods_TMDB_LIST.framework; sourceTree = BUILT_PRODUCTS_DIR; };
		D7EEDA2CEC8DE00106AFA107 /* Pods_TMDB_LISTTests.framework */ = {isa = PBXFileReference; explicitFileType = wrapper.framework; includeInIndex = 0; path = Pods_TMDB_LISTTests.framework; sourceTree = BUILT_PRODUCTS_DIR; };
		E9ADA49D8B8772653900E1EA /* Pods-TMDB_LIST.debug.xcconfig */ = {isa = PBXFileReference; includeInIndex = 1; lastKnownFileType = text.xcconfig; name = "Pods-TMDB_LIST.debug.xcconfig"; path = "Target Support Files/Pods-TMDB_LIST/Pods-TMDB_LIST.debug.xcconfig"; sourceTree = "<group>"; };
		FBABC4AF6C8C24C36AA3302D /* Pods-TMDB_LISTTests.release.xcconfig */ = {isa = PBXFileReference; includeInIndex = 1; lastKnownFileType = text.xcconfig; name = "Pods-TMDB_LISTTests.release.xcconfig"; path = "Target Support Files/Pods-TMDB_LISTTests/Pods-TMDB_LISTTests.release.xcconfig"; sourceTree = "<group>"; };
/* End PBXFileReference section */

/* Begin PBXFrameworksBuildPhase section */
		87697E8628A655CA00551B91 /* Frameworks */ = {
			isa = PBXFrameworksBuildPhase;
			buildActionMask = 2147483647;
			files = (
				0000E0952F2C8DCE796F38EA /* Pods_TMDB_LIST.framework in Frameworks */,
			);
			runOnlyForDeploymentPostprocessing = 0;
		};
		87697E9C28A655CB00551B91 /* Frameworks */ = {
			isa = PBXFrameworksBuildPhase;
			buildActionMask = 2147483647;
			files = (
				18D5E6DD999F6B9DAC9B9EDE /* Pods_TMDB_LISTTests.framework in Frameworks */,
			);
			runOnlyForDeploymentPostprocessing = 0;
		};
		87697EA628A655CB00551B91 /* Frameworks */ = {
			isa = PBXFrameworksBuildPhase;
			buildActionMask = 2147483647;
			files = (
				1568FBB36EF7118792E94D3B /* Pods_TMDB_LIST_TMDB_LISTUITests.framework in Frameworks */,
			);
			runOnlyForDeploymentPostprocessing = 0;
		};
		87697EEC28AC8E0100551B91 /* Frameworks */ = {
			isa = PBXFrameworksBuildPhase;
			buildActionMask = 2147483647;
			files = (
				87697EF328AC8E0100551B91 /* UserNotificationsUI.framework in Frameworks */,
				87697EF128AC8E0100551B91 /* UserNotifications.framework in Frameworks */,
			);
			runOnlyForDeploymentPostprocessing = 0;
		};
/* End PBXFrameworksBuildPhase section */

/* Begin PBXGroup section */
		2950A7E8511FEF4140B7EB2C /* Pods */ = {
			isa = PBXGroup;
			children = (
				E9ADA49D8B8772653900E1EA /* Pods-TMDB_LIST.debug.xcconfig */,
				A615A221747D843ABE8E6F1E /* Pods-TMDB_LIST.release.xcconfig */,
				20477EFF327370372731848F /* Pods-TMDB_LIST-TMDB_LISTUITests.debug.xcconfig */,
				0A57842EC50A8075E0F6513B /* Pods-TMDB_LIST-TMDB_LISTUITests.release.xcconfig */,
				8FAF035B50E710197C27B134 /* Pods-TMDB_LISTTests.debug.xcconfig */,
				FBABC4AF6C8C24C36AA3302D /* Pods-TMDB_LISTTests.release.xcconfig */,
			);
			path = Pods;
			sourceTree = "<group>";
		};
		619ABD9FDE0CF1A781F9DC28 /* Frameworks */ = {
			isa = PBXGroup;
			children = (
				B7CDAB258460744CCBCCCC8D /* Pods_TMDB_LIST.framework */,
				21D131D8FEE2A22413819AF5 /* Pods_TMDB_LIST_TMDB_LISTUITests.framework */,
				D7EEDA2CEC8DE00106AFA107 /* Pods_TMDB_LISTTests.framework */,
				87697EF028AC8E0100551B91 /* UserNotifications.framework */,
				87697EF228AC8E0100551B91 /* UserNotificationsUI.framework */,
			);
			name = Frameworks;
			sourceTree = "<group>";
		};
		87697E8028A655CA00551B91 = {
			isa = PBXGroup;
			children = (
				876EDF4628D112D4004EE2F3 /* Core */,
				87697EBC28A65A8C00551B91 /* Resources */,
				87697E8B28A655CA00551B91 /* TMDB_LIST */,
				87697EA228A655CB00551B91 /* TMDB_LISTTests */,
				87697EAC28A655CB00551B91 /* TMDB_LISTUITests */,
				87697EF428AC8E0100551B91 /* NotificationService */,
				87697E8A28A655CA00551B91 /* Products */,
				2950A7E8511FEF4140B7EB2C /* Pods */,
				619ABD9FDE0CF1A781F9DC28 /* Frameworks */,
			);
			sourceTree = "<group>";
		};
		87697E8A28A655CA00551B91 /* Products */ = {
			isa = PBXGroup;
			children = (
				87697E8928A655CA00551B91 /* TMDB_LIST.app */,
				87697E9F28A655CB00551B91 /* TMDB_LISTTests.xctest */,
				87697EA928A655CB00551B91 /* TMDB_LISTUITests.xctest */,
				87697EEF28AC8E0100551B91 /* NotificationService.appex */,
			);
			name = Products;
			sourceTree = "<group>";
		};
		87697E8B28A655CA00551B91 /* TMDB_LIST */ = {
			isa = PBXGroup;
			children = (
				876EDF5128D4F09B004EE2F3 /* DataSource */,
				87697ED728A6EEEA00551B91 /* ViewModel */,
				87697EE528ABBC4E00551B91 /* Modules */,
				87697ED228A6EA8000551B91 /* Model */,
				87697EC828A6623600551B91 /* View */,
			);
			path = TMDB_LIST;
			sourceTree = "<group>";
		};
		87697EA228A655CB00551B91 /* TMDB_LISTTests */ = {
			isa = PBXGroup;
			children = (
				87697EA328A655CB00551B91 /* TMDB_LISTTests.swift */,
			);
			path = TMDB_LISTTests;
			sourceTree = "<group>";
		};
		87697EAC28A655CB00551B91 /* TMDB_LISTUITests */ = {
			isa = PBXGroup;
			children = (
				87697EAD28A655CB00551B91 /* TMDB_LISTUITests.swift */,
				87697EAF28A655CB00551B91 /* TMDB_LISTUITestsLaunchTests.swift */,
			);
			path = TMDB_LISTUITests;
			sourceTree = "<group>";
		};
		87697EBC28A65A8C00551B91 /* Resources */ = {
			isa = PBXGroup;
			children = (
				87697E8C28A655CA00551B91 /* AppDelegate.swift */,
				87697E8E28A655CA00551B91 /* SceneDelegate.swift */,
				87697E9528A655CB00551B91 /* Assets.xcassets */,
				87697E9728A655CB00551B91 /* LaunchScreen.storyboard */,
				87697E9A28A655CB00551B91 /* Info.plist */,
				87697EE928ABEACF00551B91 /* Notification.apns */,
				87697EE828ABE2FA00551B91 /* TMDB_LIST.entitlements */,
			);
			path = Resources;
			sourceTree = "<group>";
		};
		87697EC828A6623600551B91 /* View */ = {
			isa = PBXGroup;
			children = (
				87697EE728ABBC8E00551B91 /* Controller */,
				87697EE428AB966B00551B91 /* Cell */,
			);
			path = View;
			sourceTree = "<group>";
		};
		87697ECF28A6E63600551B91 /* Core */ = {
			isa = PBXGroup;
			children = (
				87697ED028A6E64B00551B91 /* SimpleAPI.swift */,
			);
			path = Core;
			sourceTree = "<group>";
		};
		87697ED228A6EA8000551B91 /* Model */ = {
			isa = PBXGroup;
			children = (
				87697ED328A6EA8E00551B91 /* MovieModel.swift */,
				87697EDE28AB810600551B91 /* YoutubeModel.swift */,
			);
			path = Model;
			sourceTree = "<group>";
		};
		87697ED728A6EEEA00551B91 /* ViewModel */ = {
			isa = PBXGroup;
			children = (
				87697ED528A6EEE100551B91 /* MovieViewModel.swift */,
				876EDF5428D4F8DE004EE2F3 /* CollectionTableViewCEllViewModel.swift */,
				87697EE028AB817600551B91 /* YoutubeViewModel.swift */,
			);
			path = ViewModel;
			sourceTree = "<group>";
		};
		87697EE428AB966B00551B91 /* Cell */ = {
			isa = PBXGroup;
			children = (
				87697EC928A6624F00551B91 /* CollectionViewTableViewCellCollectionViewCell.swift */,
				87697ECB28A663D500551B91 /* TitleCollectionViewCell.swift */,
				87697ECD28A6E07D00551B91 /* VideoHeaderView.swift */,
				87697ED828AB3F7700551B91 /* SearchTableViewCell.swift */,
				87697EDC28AB6B5600551B91 /* MovieTableViewCell.swift */,
			);
			path = Cell;
			sourceTree = "<group>";
		};
		87697EE528ABBC4E00551B91 /* Modules */ = {
			isa = PBXGroup;
			children = (
				87697ECF28A6E63600551B91 /* Core */,
				87697EE628ABBC5A00551B91 /* Extension */,
			);
			path = Modules;
			sourceTree = "<group>";
		};
		87697EE628ABBC5A00551B91 /* Extension */ = {
			isa = PBXGroup;
			children = (
				87697F0228AD0BB300551B91 /* Array+.swift */,
			);
			path = Extension;
			sourceTree = "<group>";
		};
		87697EE728ABBC8E00551B91 /* Controller */ = {
			isa = PBXGroup;
			children = (
				87697EBE28A65C1C00551B91 /* TMDBTabBarViewController.swift */,
				87697EC028A65C8500551B91 /* VideoViewController.swift */,
				87697EE228AB877B00551B91 /* VideoDetailViewController.swift */,
				87697EC228A65CB500551B91 /* SearchViewController.swift */,
				87697EDA28AB52F300551B91 /* SearchedMovieViewController.swift */,
				87697EC428A65CE200551B91 /* CommingSonnViewController.swift */,
				87697EC628A65D5E00551B91 /* DownloadViewController.swift */,
			);
			path = Controller;
			sourceTree = "<group>";
		};
		87697EF428AC8E0100551B91 /* NotificationService */ = {
			isa = PBXGroup;
			children = (
				87697EF528AC8E0100551B91 /* NotificationViewController.swift */,
				87697EF728AC8E0100551B91 /* MainInterface.storyboard */,
				87697EFA28AC8E0100551B91 /* Info.plist */,
			);
			path = NotificationService;
			sourceTree = "<group>";
		};
		876EDF4628D112D4004EE2F3 /* Core */ = {
			isa = PBXGroup;
			children = (
				876EDF4C28D114FA004EE2F3 /* LifeCycle */,
				876EDF4B28D114ED004EE2F3 /* ViewModel */,
				876EDF4F28D11554004EE2F3 /* Observable+.swift */,
			);
			path = Core;
			sourceTree = "<group>";
		};
		876EDF4B28D114ED004EE2F3 /* ViewModel */ = {
			isa = PBXGroup;
			children = (
				876EDF4728D112E2004EE2F3 /* ViewModelBase.swift */,
				876EDF4928D114D6004EE2F3 /* ViewModelBindableType.swift */,
			);
			path = ViewModel;
			sourceTree = "<group>";
		};
		876EDF4C28D114FA004EE2F3 /* LifeCycle */ = {
			isa = PBXGroup;
			children = (
				876EDF4D28D11524004EE2F3 /* LifeCycle+.swift */,
			);
			path = LifeCycle;
			sourceTree = "<group>";
		};
		876EDF5128D4F09B004EE2F3 /* DataSource */ = {
			isa = PBXGroup;
			children = (
				876EDF5228D4F0AE004EE2F3 /* VideoDataSource.swift */,
			);
			path = DataSource;
			sourceTree = "<group>";
		};
/* End PBXGroup section */

/* Begin PBXNativeTarget section */
		87697E8828A655CA00551B91 /* TMDB_LIST */ = {
			isa = PBXNativeTarget;
			buildConfigurationList = 87697EB328A655CB00551B91 /* Build configuration list for PBXNativeTarget "TMDB_LIST" */;
			buildPhases = (
				CA3829D10F8F9703140B07A1 /* [CP] Check Pods Manifest.lock */,
				87697E8528A655CA00551B91 /* Sources */,
				87697E8628A655CA00551B91 /* Frameworks */,
				87697E8728A655CA00551B91 /* Resources */,
				7F1A9C53C30150575C850A8A /* [CP] Embed Pods Frameworks */,
				87697F0128AC8E0100551B91 /* Embed Foundation Extensions */,
			);
			buildRules = (
			);
			dependencies = (
				87697EFC28AC8E0100551B91 /* PBXTargetDependency */,
			);
			name = TMDB_LIST;
			productName = TMDB_LIST;
			productReference = 87697E8928A655CA00551B91 /* TMDB_LIST.app */;
			productType = "com.apple.product-type.application";
		};
		87697E9E28A655CB00551B91 /* TMDB_LISTTests */ = {
			isa = PBXNativeTarget;
			buildConfigurationList = 87697EB628A655CB00551B91 /* Build configuration list for PBXNativeTarget "TMDB_LISTTests" */;
			buildPhases = (
				ECEBDDC5648365D1C3362EAA /* [CP] Check Pods Manifest.lock */,
				87697E9B28A655CB00551B91 /* Sources */,
				87697E9C28A655CB00551B91 /* Frameworks */,
				87697E9D28A655CB00551B91 /* Resources */,
			);
			buildRules = (
			);
			dependencies = (
				87697EA128A655CB00551B91 /* PBXTargetDependency */,
			);
			name = TMDB_LISTTests;
			productName = TMDB_LISTTests;
			productReference = 87697E9F28A655CB00551B91 /* TMDB_LISTTests.xctest */;
			productType = "com.apple.product-type.bundle.unit-test";
		};
		87697EA828A655CB00551B91 /* TMDB_LISTUITests */ = {
			isa = PBXNativeTarget;
			buildConfigurationList = 87697EB928A655CB00551B91 /* Build configuration list for PBXNativeTarget "TMDB_LISTUITests" */;
			buildPhases = (
				40A493589DCA7DF2D590C690 /* [CP] Check Pods Manifest.lock */,
				87697EA528A655CB00551B91 /* Sources */,
				87697EA628A655CB00551B91 /* Frameworks */,
				87697EA728A655CB00551B91 /* Resources */,
				23E9478857365D078735004F /* [CP] Embed Pods Frameworks */,
			);
			buildRules = (
			);
			dependencies = (
				87697EAB28A655CB00551B91 /* PBXTargetDependency */,
			);
			name = TMDB_LISTUITests;
			productName = TMDB_LISTUITests;
			productReference = 87697EA928A655CB00551B91 /* TMDB_LISTUITests.xctest */;
			productType = "com.apple.product-type.bundle.ui-testing";
		};
		87697EEE28AC8E0100551B91 /* NotificationService */ = {
			isa = PBXNativeTarget;
			buildConfigurationList = 87697EFE28AC8E0100551B91 /* Build configuration list for PBXNativeTarget "NotificationService" */;
			buildPhases = (
				87697EEB28AC8E0100551B91 /* Sources */,
				87697EEC28AC8E0100551B91 /* Frameworks */,
				87697EED28AC8E0100551B91 /* Resources */,
			);
			buildRules = (
			);
			dependencies = (
			);
			name = NotificationService;
			productName = NotificationService;
			productReference = 87697EEF28AC8E0100551B91 /* NotificationService.appex */;
			productType = "com.apple.product-type.app-extension";
		};
/* End PBXNativeTarget section */

/* Begin PBXProject section */
		87697E8128A655CA00551B91 /* Project object */ = {
			isa = PBXProject;
			attributes = {
				BuildIndependentTargetsInParallel = 1;
				LastSwiftUpdateCheck = 1400;
				LastUpgradeCheck = 1400;
				TargetAttributes = {
					87697E8828A655CA00551B91 = {
						CreatedOnToolsVersion = 14.0;
					};
					87697E9E28A655CB00551B91 = {
						CreatedOnToolsVersion = 14.0;
						TestTargetID = 87697E8828A655CA00551B91;
					};
					87697EA828A655CB00551B91 = {
						CreatedOnToolsVersion = 14.0;
						TestTargetID = 87697E8828A655CA00551B91;
					};
					87697EEE28AC8E0100551B91 = {
						CreatedOnToolsVersion = 14.0;
					};
				};
			};
			buildConfigurationList = 87697E8428A655CA00551B91 /* Build configuration list for PBXProject "TMDB_LIST" */;
			compatibilityVersion = "Xcode 14.0";
			developmentRegion = en;
			hasScannedForEncodings = 0;
			knownRegions = (
				en,
				Base,
			);
			mainGroup = 87697E8028A655CA00551B91;
			productRefGroup = 87697E8A28A655CA00551B91 /* Products */;
			projectDirPath = "";
			projectRoot = "";
			targets = (
				87697E8828A655CA00551B91 /* TMDB_LIST */,
				87697E9E28A655CB00551B91 /* TMDB_LISTTests */,
				87697EA828A655CB00551B91 /* TMDB_LISTUITests */,
				87697EEE28AC8E0100551B91 /* NotificationService */,
			);
		};
/* End PBXProject section */

/* Begin PBXResourcesBuildPhase section */
		87697E8728A655CA00551B91 /* Resources */ = {
			isa = PBXResourcesBuildPhase;
			buildActionMask = 2147483647;
			files = (
				87697EEA28ABEACF00551B91 /* Notification.apns in Resources */,
				87697E9928A655CB00551B91 /* LaunchScreen.storyboard in Resources */,
				87697E9628A655CB00551B91 /* Assets.xcassets in Resources */,
			);
			runOnlyForDeploymentPostprocessing = 0;
		};
		87697E9D28A655CB00551B91 /* Resources */ = {
			isa = PBXResourcesBuildPhase;
			buildActionMask = 2147483647;
			files = (
			);
			runOnlyForDeploymentPostprocessing = 0;
		};
		87697EA728A655CB00551B91 /* Resources */ = {
			isa = PBXResourcesBuildPhase;
			buildActionMask = 2147483647;
			files = (
			);
			runOnlyForDeploymentPostprocessing = 0;
		};
		87697EED28AC8E0100551B91 /* Resources */ = {
			isa = PBXResourcesBuildPhase;
			buildActionMask = 2147483647;
			files = (
				87697EF928AC8E0100551B91 /* MainInterface.storyboard in Resources */,
			);
			runOnlyForDeploymentPostprocessing = 0;
		};
/* End PBXResourcesBuildPhase section */

/* Begin PBXShellScriptBuildPhase section */
		23E9478857365D078735004F /* [CP] Embed Pods Frameworks */ = {
			isa = PBXShellScriptBuildPhase;
			buildActionMask = 2147483647;
			files = (
			);
			inputFileListPaths = (
				"${PODS_ROOT}/Target Support Files/Pods-TMDB_LIST-TMDB_LISTUITests/Pods-TMDB_LIST-TMDB_LISTUITests-frameworks-${CONFIGURATION}-input-files.xcfilelist",
			);
			name = "[CP] Embed Pods Frameworks";
			outputFileListPaths = (
				"${PODS_ROOT}/Target Support Files/Pods-TMDB_LIST-TMDB_LISTUITests/Pods-TMDB_LIST-TMDB_LISTUITests-frameworks-${CONFIGURATION}-output-files.xcfilelist",
			);
			runOnlyForDeploymentPostprocessing = 0;
			shellPath = /bin/sh;
			shellScript = "\"${PODS_ROOT}/Target Support Files/Pods-TMDB_LIST-TMDB_LISTUITests/Pods-TMDB_LIST-TMDB_LISTUITests-frameworks.sh\"\n";
			showEnvVarsInLog = 0;
		};
		40A493589DCA7DF2D590C690 /* [CP] Check Pods Manifest.lock */ = {
			isa = PBXShellScriptBuildPhase;
			buildActionMask = 2147483647;
			files = (
			);
			inputFileListPaths = (
			);
			inputPaths = (
				"${PODS_PODFILE_DIR_PATH}/Podfile.lock",
				"${PODS_ROOT}/Manifest.lock",
			);
			name = "[CP] Check Pods Manifest.lock";
			outputFileListPaths = (
			);
			outputPaths = (
				"$(DERIVED_FILE_DIR)/Pods-TMDB_LIST-TMDB_LISTUITests-checkManifestLockResult.txt",
			);
			runOnlyForDeploymentPostprocessing = 0;
			shellPath = /bin/sh;
			shellScript = "diff \"${PODS_PODFILE_DIR_PATH}/Podfile.lock\" \"${PODS_ROOT}/Manifest.lock\" > /dev/null\nif [ $? != 0 ] ; then\n    # print error to STDERR\n    echo \"error: The sandbox is not in sync with the Podfile.lock. Run 'pod install' or update your CocoaPods installation.\" >&2\n    exit 1\nfi\n# This output is used by Xcode 'outputs' to avoid re-running this script phase.\necho \"SUCCESS\" > \"${SCRIPT_OUTPUT_FILE_0}\"\n";
			showEnvVarsInLog = 0;
		};
		7F1A9C53C30150575C850A8A /* [CP] Embed Pods Frameworks */ = {
			isa = PBXShellScriptBuildPhase;
			buildActionMask = 2147483647;
			files = (
			);
			inputFileListPaths = (
				"${PODS_ROOT}/Target Support Files/Pods-TMDB_LIST/Pods-TMDB_LIST-frameworks-${CONFIGURATION}-input-files.xcfilelist",
			);
			name = "[CP] Embed Pods Frameworks";
			outputFileListPaths = (
				"${PODS_ROOT}/Target Support Files/Pods-TMDB_LIST/Pods-TMDB_LIST-frameworks-${CONFIGURATION}-output-files.xcfilelist",
			);
			runOnlyForDeploymentPostprocessing = 0;
			shellPath = /bin/sh;
			shellScript = "\"${PODS_ROOT}/Target Support Files/Pods-TMDB_LIST/Pods-TMDB_LIST-frameworks.sh\"\n";
			showEnvVarsInLog = 0;
		};
		CA3829D10F8F9703140B07A1 /* [CP] Check Pods Manifest.lock */ = {
			isa = PBXShellScriptBuildPhase;
			buildActionMask = 2147483647;
			files = (
			);
			inputFileListPaths = (
			);
			inputPaths = (
				"${PODS_PODFILE_DIR_PATH}/Podfile.lock",
				"${PODS_ROOT}/Manifest.lock",
			);
			name = "[CP] Check Pods Manifest.lock";
			outputFileListPaths = (
			);
			outputPaths = (
				"$(DERIVED_FILE_DIR)/Pods-TMDB_LIST-checkManifestLockResult.txt",
			);
			runOnlyForDeploymentPostprocessing = 0;
			shellPath = /bin/sh;
			shellScript = "diff \"${PODS_PODFILE_DIR_PATH}/Podfile.lock\" \"${PODS_ROOT}/Manifest.lock\" > /dev/null\nif [ $? != 0 ] ; then\n    # print error to STDERR\n    echo \"error: The sandbox is not in sync with the Podfile.lock. Run 'pod install' or update your CocoaPods installation.\" >&2\n    exit 1\nfi\n# This output is used by Xcode 'outputs' to avoid re-running this script phase.\necho \"SUCCESS\" > \"${SCRIPT_OUTPUT_FILE_0}\"\n";
			showEnvVarsInLog = 0;
		};
		ECEBDDC5648365D1C3362EAA /* [CP] Check Pods Manifest.lock */ = {
			isa = PBXShellScriptBuildPhase;
			buildActionMask = 2147483647;
			files = (
			);
			inputFileListPaths = (
			);
			inputPaths = (
				"${PODS_PODFILE_DIR_PATH}/Podfile.lock",
				"${PODS_ROOT}/Manifest.lock",
			);
			name = "[CP] Check Pods Manifest.lock";
			outputFileListPaths = (
			);
			outputPaths = (
				"$(DERIVED_FILE_DIR)/Pods-TMDB_LISTTests-checkManifestLockResult.txt",
			);
			runOnlyForDeploymentPostprocessing = 0;
			shellPath = /bin/sh;
			shellScript = "diff \"${PODS_PODFILE_DIR_PATH}/Podfile.lock\" \"${PODS_ROOT}/Manifest.lock\" > /dev/null\nif [ $? != 0 ] ; then\n    # print error to STDERR\n    echo \"error: The sandbox is not in sync with the Podfile.lock. Run 'pod install' or update your CocoaPods installation.\" >&2\n    exit 1\nfi\n# This output is used by Xcode 'outputs' to avoid re-running this script phase.\necho \"SUCCESS\" > \"${SCRIPT_OUTPUT_FILE_0}\"\n";
			showEnvVarsInLog = 0;
		};
/* End PBXShellScriptBuildPhase section */

/* Begin PBXSourcesBuildPhase section */
		87697E8528A655CA00551B91 /* Sources */ = {
			isa = PBXSourcesBuildPhase;
			buildActionMask = 2147483647;
			files = (
				87697EDD28AB6B5600551B91 /* MovieTableViewCell.swift in Sources */,
				87697EC528A65CE200551B91 /* CommingSonnViewController.swift in Sources */,
				87697ECE28A6E07D00551B91 /* VideoHeaderView.swift in Sources */,
				87697EE328AB877B00551B91 /* VideoDetailViewController.swift in Sources */,
				876EDF5528D4F8DE004EE2F3 /* CollectionTableViewCEllViewModel.swift in Sources */,
				87697EC328A65CB500551B91 /* SearchViewController.swift in Sources */,
				87697E8D28A655CA00551B91 /* AppDelegate.swift in Sources */,
				87697ECA28A6624F00551B91 /* CollectionViewTableViewCellCollectionViewCell.swift in Sources */,
				87697ED628A6EEE100551B91 /* MovieViewModel.swift in Sources */,
				87697ED428A6EA8E00551B91 /* MovieModel.swift in Sources */,
				876EDF5328D4F0AE004EE2F3 /* VideoDataSource.swift in Sources */,
				87697F0328AD0BB300551B91 /* Array+.swift in Sources */,
				87697ED128A6E64B00551B91 /* SimpleAPI.swift in Sources */,
				87697ED928AB3F7700551B91 /* SearchTableViewCell.swift in Sources */,
				87697E8F28A655CA00551B91 /* SceneDelegate.swift in Sources */,
				87697EDF28AB810600551B91 /* YoutubeModel.swift in Sources */,
				876EDF4828D112E2004EE2F3 /* ViewModelBase.swift in Sources */,
				87697EC128A65C8500551B91 /* VideoViewController.swift in Sources */,
				87697ECC28A663D500551B91 /* TitleCollectionViewCell.swift in Sources */,
				876EDF4A28D114D6004EE2F3 /* ViewModelBindableType.swift in Sources */,
				87697EC728A65D5E00551B91 /* DownloadViewController.swift in Sources */,
				876EDF4E28D11524004EE2F3 /* LifeCycle+.swift in Sources */,
				876EDF5028D11554004EE2F3 /* Observable+.swift in Sources */,
				87697EDB28AB52F300551B91 /* SearchedMovieViewController.swift in Sources */,
				87697EE128AB817600551B91 /* YoutubeViewModel.swift in Sources */,
				87697EBF28A65C1C00551B91 /* TMDBTabBarViewController.swift in Sources */,
			);
			runOnlyForDeploymentPostprocessing = 0;
		};
		87697E9B28A655CB00551B91 /* Sources */ = {
			isa = PBXSourcesBuildPhase;
			buildActionMask = 2147483647;
			files = (
				87697EA428A655CB00551B91 /* TMDB_LISTTests.swift in Sources */,
			);
			runOnlyForDeploymentPostprocessing = 0;
		};
		87697EA528A655CB00551B91 /* Sources */ = {
			isa = PBXSourcesBuildPhase;
			buildActionMask = 2147483647;
			files = (
				87697EAE28A655CB00551B91 /* TMDB_LISTUITests.swift in Sources */,
				87697EB028A655CB00551B91 /* TMDB_LISTUITestsLaunchTests.swift in Sources */,
			);
			runOnlyForDeploymentPostprocessing = 0;
		};
		87697EEB28AC8E0100551B91 /* Sources */ = {
			isa = PBXSourcesBuildPhase;
			buildActionMask = 2147483647;
			files = (
				87697EF628AC8E0100551B91 /* NotificationViewController.swift in Sources */,
			);
			runOnlyForDeploymentPostprocessing = 0;
		};
/* End PBXSourcesBuildPhase section */

/* Begin PBXTargetDependency section */
		87697EA128A655CB00551B91 /* PBXTargetDependency */ = {
			isa = PBXTargetDependency;
			target = 87697E8828A655CA00551B91 /* TMDB_LIST */;
			targetProxy = 87697EA028A655CB00551B91 /* PBXContainerItemProxy */;
		};
		87697EAB28A655CB00551B91 /* PBXTargetDependency */ = {
			isa = PBXTargetDependency;
			target = 87697E8828A655CA00551B91 /* TMDB_LIST */;
			targetProxy = 87697EAA28A655CB00551B91 /* PBXContainerItemProxy */;
		};
		87697EFC28AC8E0100551B91 /* PBXTargetDependency */ = {
			isa = PBXTargetDependency;
			target = 87697EEE28AC8E0100551B91 /* NotificationService */;
			targetProxy = 87697EFB28AC8E0100551B91 /* PBXContainerItemProxy */;
		};
/* End PBXTargetDependency section */

/* Begin PBXVariantGroup section */
		87697E9728A655CB00551B91 /* LaunchScreen.storyboard */ = {
			isa = PBXVariantGroup;
			children = (
				87697E9828A655CB00551B91 /* Base */,
			);
			name = LaunchScreen.storyboard;
			sourceTree = "<group>";
		};
		87697EF728AC8E0100551B91 /* MainInterface.storyboard */ = {
			isa = PBXVariantGroup;
			children = (
				87697EF828AC8E0100551B91 /* Base */,
			);
			name = MainInterface.storyboard;
			sourceTree = "<group>";
		};
/* End PBXVariantGroup section */

/* Begin XCBuildConfiguration section */
		87697EB128A655CB00551B91 /* Debug */ = {
			isa = XCBuildConfiguration;
			buildSettings = {
				ALWAYS_SEARCH_USER_PATHS = NO;
				CLANG_ANALYZER_NONNULL = YES;
				CLANG_ANALYZER_NUMBER_OBJECT_CONVERSION = YES_AGGRESSIVE;
				CLANG_CXX_LANGUAGE_STANDARD = "gnu++20";
				CLANG_ENABLE_MODULES = YES;
				CLANG_ENABLE_OBJC_ARC = YES;
				CLANG_ENABLE_OBJC_WEAK = YES;
				CLANG_WARN_BLOCK_CAPTURE_AUTORELEASING = YES;
				CLANG_WARN_BOOL_CONVERSION = YES;
				CLANG_WARN_COMMA = YES;
				CLANG_WARN_CONSTANT_CONVERSION = YES;
				CLANG_WARN_DEPRECATED_OBJC_IMPLEMENTATIONS = YES;
				CLANG_WARN_DIRECT_OBJC_ISA_USAGE = YES_ERROR;
				CLANG_WARN_DOCUMENTATION_COMMENTS = YES;
				CLANG_WARN_EMPTY_BODY = YES;
				CLANG_WARN_ENUM_CONVERSION = YES;
				CLANG_WARN_INFINITE_RECURSION = YES;
				CLANG_WARN_INT_CONVERSION = YES;
				CLANG_WARN_NON_LITERAL_NULL_CONVERSION = YES;
				CLANG_WARN_OBJC_IMPLICIT_RETAIN_SELF = YES;
				CLANG_WARN_OBJC_LITERAL_CONVERSION = YES;
				CLANG_WARN_OBJC_ROOT_CLASS = YES_ERROR;
				CLANG_WARN_QUOTED_INCLUDE_IN_FRAMEWORK_HEADER = YES;
				CLANG_WARN_RANGE_LOOP_ANALYSIS = YES;
				CLANG_WARN_STRICT_PROTOTYPES = YES;
				CLANG_WARN_SUSPICIOUS_MOVE = YES;
				CLANG_WARN_UNGUARDED_AVAILABILITY = YES_AGGRESSIVE;
				CLANG_WARN_UNREACHABLE_CODE = YES;
				CLANG_WARN__DUPLICATE_METHOD_MATCH = YES;
				COPY_PHASE_STRIP = NO;
				DEBUG_INFORMATION_FORMAT = dwarf;
				ENABLE_STRICT_OBJC_MSGSEND = YES;
				ENABLE_TESTABILITY = YES;
				GCC_C_LANGUAGE_STANDARD = gnu11;
				GCC_DYNAMIC_NO_PIC = NO;
				GCC_NO_COMMON_BLOCKS = YES;
				GCC_OPTIMIZATION_LEVEL = 0;
				GCC_PREPROCESSOR_DEFINITIONS = (
					"DEBUG=1",
					"$(inherited)",
				);
				GCC_WARN_64_TO_32_BIT_CONVERSION = YES;
				GCC_WARN_ABOUT_RETURN_TYPE = YES_ERROR;
				GCC_WARN_UNDECLARED_SELECTOR = YES;
				GCC_WARN_UNINITIALIZED_AUTOS = YES_AGGRESSIVE;
				GCC_WARN_UNUSED_FUNCTION = YES;
				GCC_WARN_UNUSED_VARIABLE = YES;
				IPHONEOS_DEPLOYMENT_TARGET = 16.0;
				MTL_ENABLE_DEBUG_INFO = INCLUDE_SOURCE;
				MTL_FAST_MATH = YES;
				ONLY_ACTIVE_ARCH = YES;
				SDKROOT = iphoneos;
				SWIFT_ACTIVE_COMPILATION_CONDITIONS = DEBUG;
				SWIFT_OPTIMIZATION_LEVEL = "-Onone";
			};
			name = Debug;
		};
		87697EB228A655CB00551B91 /* Release */ = {
			isa = XCBuildConfiguration;
			buildSettings = {
				ALWAYS_SEARCH_USER_PATHS = NO;
				CLANG_ANALYZER_NONNULL = YES;
				CLANG_ANALYZER_NUMBER_OBJECT_CONVERSION = YES_AGGRESSIVE;
				CLANG_CXX_LANGUAGE_STANDARD = "gnu++20";
				CLANG_ENABLE_MODULES = YES;
				CLANG_ENABLE_OBJC_ARC = YES;
				CLANG_ENABLE_OBJC_WEAK = YES;
				CLANG_WARN_BLOCK_CAPTURE_AUTORELEASING = YES;
				CLANG_WARN_BOOL_CONVERSION = YES;
				CLANG_WARN_COMMA = YES;
				CLANG_WARN_CONSTANT_CONVERSION = YES;
				CLANG_WARN_DEPRECATED_OBJC_IMPLEMENTATIONS = YES;
				CLANG_WARN_DIRECT_OBJC_ISA_USAGE = YES_ERROR;
				CLANG_WARN_DOCUMENTATION_COMMENTS = YES;
				CLANG_WARN_EMPTY_BODY = YES;
				CLANG_WARN_ENUM_CONVERSION = YES;
				CLANG_WARN_INFINITE_RECURSION = YES;
				CLANG_WARN_INT_CONVERSION = YES;
				CLANG_WARN_NON_LITERAL_NULL_CONVERSION = YES;
				CLANG_WARN_OBJC_IMPLICIT_RETAIN_SELF = YES;
				CLANG_WARN_OBJC_LITERAL_CONVERSION = YES;
				CLANG_WARN_OBJC_ROOT_CLASS = YES_ERROR;
				CLANG_WARN_QUOTED_INCLUDE_IN_FRAMEWORK_HEADER = YES;
				CLANG_WARN_RANGE_LOOP_ANALYSIS = YES;
				CLANG_WARN_STRICT_PROTOTYPES = YES;
				CLANG_WARN_SUSPICIOUS_MOVE = YES;
				CLANG_WARN_UNGUARDED_AVAILABILITY = YES_AGGRESSIVE;
				CLANG_WARN_UNREACHABLE_CODE = YES;
				CLANG_WARN__DUPLICATE_METHOD_MATCH = YES;
				COPY_PHASE_STRIP = NO;
				DEBUG_INFORMATION_FORMAT = "dwarf-with-dsym";
				ENABLE_NS_ASSERTIONS = NO;
				ENABLE_STRICT_OBJC_MSGSEND = YES;
				GCC_C_LANGUAGE_STANDARD = gnu11;
				GCC_NO_COMMON_BLOCKS = YES;
				GCC_WARN_64_TO_32_BIT_CONVERSION = YES;
				GCC_WARN_ABOUT_RETURN_TYPE = YES_ERROR;
				GCC_WARN_UNDECLARED_SELECTOR = YES;
				GCC_WARN_UNINITIALIZED_AUTOS = YES_AGGRESSIVE;
				GCC_WARN_UNUSED_FUNCTION = YES;
				GCC_WARN_UNUSED_VARIABLE = YES;
				IPHONEOS_DEPLOYMENT_TARGET = 16.0;
				MTL_ENABLE_DEBUG_INFO = NO;
				MTL_FAST_MATH = YES;
				SDKROOT = iphoneos;
				SWIFT_COMPILATION_MODE = wholemodule;
				SWIFT_OPTIMIZATION_LEVEL = "-O";
				VALIDATE_PRODUCT = YES;
			};
			name = Release;
		};
		87697EB428A655CB00551B91 /* Debug */ = {
			isa = XCBuildConfiguration;
			baseConfigurationReference = E9ADA49D8B8772653900E1EA /* Pods-TMDB_LIST.debug.xcconfig */;
			buildSettings = {
				ALWAYS_EMBED_SWIFT_STANDARD_LIBRARIES = YES;
				ASSETCATALOG_COMPILER_APPICON_NAME = AppIcon;
				ASSETCATALOG_COMPILER_GLOBAL_ACCENT_COLOR_NAME = AccentColor;
				CODE_SIGN_ENTITLEMENTS = Resources/TMDB_LIST.entitlements;
				CODE_SIGN_STYLE = Automatic;
				CURRENT_PROJECT_VERSION = 1;
				DEVELOPMENT_TEAM = QSLADL5YX5;
				GENERATE_INFOPLIST_FILE = YES;
				INFOPLIST_FILE = Resources/Info.plist;
				INFOPLIST_KEY_CFBundleDisplayName = Movies;
				INFOPLIST_KEY_LSApplicationCategoryType = "public.app-category.entertainment";
				INFOPLIST_KEY_UIApplicationSupportsIndirectInputEvents = YES;
				INFOPLIST_KEY_UILaunchStoryboardName = LaunchScreen;
				INFOPLIST_KEY_UIMainStoryboardFile = "";
				INFOPLIST_KEY_UISupportedInterfaceOrientations_iPad = "UIInterfaceOrientationPortrait UIInterfaceOrientationPortraitUpsideDown UIInterfaceOrientationLandscapeLeft UIInterfaceOrientationLandscapeRight";
				INFOPLIST_KEY_UISupportedInterfaceOrientations_iPhone = "UIInterfaceOrientationPortrait UIInterfaceOrientationLandscapeLeft UIInterfaceOrientationLandscapeRight";
				IPHONEOS_DEPLOYMENT_TARGET = 13.0;
				LD_RUNPATH_SEARCH_PATHS = (
					"$(inherited)",
					"@executable_path/Frameworks",
				);
				MARKETING_VERSION = 1.0;
				PRODUCT_BUNDLE_IDENTIFIER = "com.dsjang.TMDB-LIST";
				PRODUCT_NAME = "$(TARGET_NAME)";
				SWIFT_EMIT_LOC_STRINGS = YES;
				SWIFT_VERSION = 5.0;
				TARGETED_DEVICE_FAMILY = "1,2";
			};
			name = Debug;
		};
		87697EB528A655CB00551B91 /* Release */ = {
			isa = XCBuildConfiguration;
			baseConfigurationReference = A615A221747D843ABE8E6F1E /* Pods-TMDB_LIST.release.xcconfig */;
			buildSettings = {
				ALWAYS_EMBED_SWIFT_STANDARD_LIBRARIES = YES;
				ASSETCATALOG_COMPILER_APPICON_NAME = AppIcon;
				ASSETCATALOG_COMPILER_GLOBAL_ACCENT_COLOR_NAME = AccentColor;
				CODE_SIGN_ENTITLEMENTS = Resources/TMDB_LIST.entitlements;
				CODE_SIGN_STYLE = Automatic;
				CURRENT_PROJECT_VERSION = 1;
				DEVELOPMENT_TEAM = QSLADL5YX5;
				GENERATE_INFOPLIST_FILE = YES;
				INFOPLIST_FILE = Resources/Info.plist;
				INFOPLIST_KEY_CFBundleDisplayName = Movies;
				INFOPLIST_KEY_LSApplicationCategoryType = "public.app-category.entertainment";
				INFOPLIST_KEY_UIApplicationSupportsIndirectInputEvents = YES;
				INFOPLIST_KEY_UILaunchStoryboardName = LaunchScreen;
				INFOPLIST_KEY_UIMainStoryboardFile = "";
				INFOPLIST_KEY_UISupportedInterfaceOrientations_iPad = "UIInterfaceOrientationPortrait UIInterfaceOrientationPortraitUpsideDown UIInterfaceOrientationLandscapeLeft UIInterfaceOrientationLandscapeRight";
				INFOPLIST_KEY_UISupportedInterfaceOrientations_iPhone = "UIInterfaceOrientationPortrait UIInterfaceOrientationLandscapeLeft UIInterfaceOrientationLandscapeRight";
				IPHONEOS_DEPLOYMENT_TARGET = 13.0;
				LD_RUNPATH_SEARCH_PATHS = (
					"$(inherited)",
					"@executable_path/Frameworks",
				);
				MARKETING_VERSION = 1.0;
				PRODUCT_BUNDLE_IDENTIFIER = "com.dsjang.TMDB-LIST";
				PRODUCT_NAME = "$(TARGET_NAME)";
				SWIFT_EMIT_LOC_STRINGS = YES;
				SWIFT_VERSION = 5.0;
				TARGETED_DEVICE_FAMILY = "1,2";
			};
			name = Release;
		};
		87697EB728A655CB00551B91 /* Debug */ = {
			isa = XCBuildConfiguration;
			baseConfigurationReference = 8FAF035B50E710197C27B134 /* Pods-TMDB_LISTTests.debug.xcconfig */;
			buildSettings = {
				ALWAYS_EMBED_SWIFT_STANDARD_LIBRARIES = YES;
				BUNDLE_LOADER = "$(TEST_HOST)";
				CODE_SIGN_STYLE = Automatic;
				CURRENT_PROJECT_VERSION = 1;
				DEVELOPMENT_TEAM = QSLADL5YX5;
				GENERATE_INFOPLIST_FILE = YES;
				IPHONEOS_DEPLOYMENT_TARGET = 16.0;
				MARKETING_VERSION = 1.0;
				PRODUCT_BUNDLE_IDENTIFIER = "com.dsjang.TMDB-LISTTests";
				PRODUCT_NAME = "$(TARGET_NAME)";
				SWIFT_EMIT_LOC_STRINGS = NO;
				SWIFT_VERSION = 5.0;
				TARGETED_DEVICE_FAMILY = "1,2";
				TEST_HOST = "$(BUILT_PRODUCTS_DIR)/TMDB_LIST.app/$(BUNDLE_EXECUTABLE_FOLDER_PATH)/TMDB_LIST";
			};
			name = Debug;
		};
		87697EB828A655CB00551B91 /* Release */ = {
			isa = XCBuildConfiguration;
			baseConfigurationReference = FBABC4AF6C8C24C36AA3302D /* Pods-TMDB_LISTTests.release.xcconfig */;
			buildSettings = {
				ALWAYS_EMBED_SWIFT_STANDARD_LIBRARIES = YES;
				BUNDLE_LOADER = "$(TEST_HOST)";
				CODE_SIGN_STYLE = Automatic;
				CURRENT_PROJECT_VERSION = 1;
				DEVELOPMENT_TEAM = QSLADL5YX5;
				GENERATE_INFOPLIST_FILE = YES;
				IPHONEOS_DEPLOYMENT_TARGET = 16.0;
				MARKETING_VERSION = 1.0;
				PRODUCT_BUNDLE_IDENTIFIER = "com.dsjang.TMDB-LISTTests";
				PRODUCT_NAME = "$(TARGET_NAME)";
				SWIFT_EMIT_LOC_STRINGS = NO;
				SWIFT_VERSION = 5.0;
				TARGETED_DEVICE_FAMILY = "1,2";
				TEST_HOST = "$(BUILT_PRODUCTS_DIR)/TMDB_LIST.app/$(BUNDLE_EXECUTABLE_FOLDER_PATH)/TMDB_LIST";
			};
			name = Release;
		};
		87697EBA28A655CB00551B91 /* Debug */ = {
			isa = XCBuildConfiguration;
			baseConfigurationReference = 20477EFF327370372731848F /* Pods-TMDB_LIST-TMDB_LISTUITests.debug.xcconfig */;
			buildSettings = {
				ALWAYS_EMBED_SWIFT_STANDARD_LIBRARIES = YES;
				CODE_SIGN_STYLE = Automatic;
				CURRENT_PROJECT_VERSION = 1;
				DEVELOPMENT_TEAM = QSLADL5YX5;
				GENERATE_INFOPLIST_FILE = YES;
				MARKETING_VERSION = 1.0;
				PRODUCT_BUNDLE_IDENTIFIER = "com.dsjang.TMDB-LISTUITests";
				PRODUCT_NAME = "$(TARGET_NAME)";
				SWIFT_EMIT_LOC_STRINGS = NO;
				SWIFT_VERSION = 5.0;
				TARGETED_DEVICE_FAMILY = "1,2";
				TEST_TARGET_NAME = TMDB_LIST;
			};
			name = Debug;
		};
		87697EBB28A655CB00551B91 /* Release */ = {
			isa = XCBuildConfiguration;
			baseConfigurationReference = 0A57842EC50A8075E0F6513B /* Pods-TMDB_LIST-TMDB_LISTUITests.release.xcconfig */;
			buildSettings = {
				ALWAYS_EMBED_SWIFT_STANDARD_LIBRARIES = YES;
				CODE_SIGN_STYLE = Automatic;
				CURRENT_PROJECT_VERSION = 1;
				DEVELOPMENT_TEAM = QSLADL5YX5;
				GENERATE_INFOPLIST_FILE = YES;
				MARKETING_VERSION = 1.0;
				PRODUCT_BUNDLE_IDENTIFIER = "com.dsjang.TMDB-LISTUITests";
				PRODUCT_NAME = "$(TARGET_NAME)";
				SWIFT_EMIT_LOC_STRINGS = NO;
				SWIFT_VERSION = 5.0;
				TARGETED_DEVICE_FAMILY = "1,2";
				TEST_TARGET_NAME = TMDB_LIST;
			};
			name = Release;
		};
		87697EFF28AC8E0100551B91 /* Debug */ = {
			isa = XCBuildConfiguration;
			buildSettings = {
				ASSETCATALOG_COMPILER_APPICON_NAME = AppIcon;
				CODE_SIGN_IDENTITY = "Apple Development";
				CODE_SIGN_STYLE = Automatic;
				CURRENT_PROJECT_VERSION = 1;
				DEVELOPMENT_TEAM = QSLADL5YX5;
				GENERATE_INFOPLIST_FILE = YES;
				INFOPLIST_FILE = NotificationService/Info.plist;
				INFOPLIST_KEY_CFBundleDisplayName = Movies;
				INFOPLIST_KEY_NSHumanReadableCopyright = "";
				LD_RUNPATH_SEARCH_PATHS = (
					"$(inherited)",
					"@executable_path/Frameworks",
					"@executable_path/../../Frameworks",
				);
				MARKETING_VERSION = 1.0;
				PRODUCT_BUNDLE_IDENTIFIER = "com.dsjang.TMDB-LIST.NotificationService";
				PRODUCT_NAME = "$(TARGET_NAME)";
				PROVISIONING_PROFILE_SPECIFIER = "";
				SKIP_INSTALL = YES;
				SWIFT_EMIT_LOC_STRINGS = YES;
				SWIFT_VERSION = 5.0;
				TARGETED_DEVICE_FAMILY = "1,2";
			};
			name = Debug;
		};
		87697F0028AC8E0100551B91 /* Release */ = {
			isa = XCBuildConfiguration;
			buildSettings = {
				ASSETCATALOG_COMPILER_APPICON_NAME = AppIcon;
				CODE_SIGN_IDENTITY = "Apple Development";
				CODE_SIGN_STYLE = Automatic;
				CURRENT_PROJECT_VERSION = 1;
				DEVELOPMENT_TEAM = QSLADL5YX5;
				GENERATE_INFOPLIST_FILE = YES;
				INFOPLIST_FILE = NotificationService/Info.plist;
				INFOPLIST_KEY_CFBundleDisplayName = Movies;
				INFOPLIST_KEY_NSHumanReadableCopyright = "";
				LD_RUNPATH_SEARCH_PATHS = (
					"$(inherited)",
					"@executable_path/Frameworks",
					"@executable_path/../../Frameworks",
				);
				MARKETING_VERSION = 1.0;
				PRODUCT_BUNDLE_IDENTIFIER = "com.dsjang.TMDB-LIST.NotificationService";
				PRODUCT_NAME = "$(TARGET_NAME)";
				PROVISIONING_PROFILE_SPECIFIER = "";
				SKIP_INSTALL = YES;
				SWIFT_EMIT_LOC_STRINGS = YES;
				SWIFT_VERSION = 5.0;
				TARGETED_DEVICE_FAMILY = "1,2";
			};
			name = Release;
		};
/* End XCBuildConfiguration section */

/* Begin XCConfigurationList section */
		87697E8428A655CA00551B91 /* Build configuration list for PBXProject "TMDB_LIST" */ = {
			isa = XCConfigurationList;
			buildConfigurations = (
				87697EB128A655CB00551B91 /* Debug */,
				87697EB228A655CB00551B91 /* Release */,
			);
			defaultConfigurationIsVisible = 0;
			defaultConfigurationName = Release;
		};
		87697EB328A655CB00551B91 /* Build configuration list for PBXNativeTarget "TMDB_LIST" */ = {
			isa = XCConfigurationList;
			buildConfigurations = (
				87697EB428A655CB00551B91 /* Debug */,
				87697EB528A655CB00551B91 /* Release */,
			);
			defaultConfigurationIsVisible = 0;
			defaultConfigurationName = Release;
		};
		87697EB628A655CB00551B91 /* Build configuration list for PBXNativeTarget "TMDB_LISTTests" */ = {
			isa = XCConfigurationList;
			buildConfigurations = (
				87697EB728A655CB00551B91 /* Debug */,
				87697EB828A655CB00551B91 /* Release */,
			);
			defaultConfigurationIsVisible = 0;
			defaultConfigurationName = Release;
		};
		87697EB928A655CB00551B91 /* Build configuration list for PBXNativeTarget "TMDB_LISTUITests" */ = {
			isa = XCConfigurationList;
			buildConfigurations = (
				87697EBA28A655CB00551B91 /* Debug */,
				87697EBB28A655CB00551B91 /* Release */,
			);
			defaultConfigurationIsVisible = 0;
			defaultConfigurationName = Release;
		};
		87697EFE28AC8E0100551B91 /* Build configuration list for PBXNativeTarget "NotificationService" */ = {
			isa = XCConfigurationList;
			buildConfigurations = (
				87697EFF28AC8E0100551B91 /* Debug */,
				87697F0028AC8E0100551B91 /* Release */,
			);
			defaultConfigurationIsVisible = 0;
			defaultConfigurationName = Release;
		};
/* End XCConfigurationList section */
	};
	rootObject = 87697E8128A655CA00551B91 /* Project object */;
}
